
Microsoft Visual Studio Solution File, Format Version 12.00
# Visual Studio Version 17
VisualStudioVersion = 17.4.33213.308
MinimumVisualStudioVersion = 10.0.40219.1
Project("{FAE04EC0-301F-11D3-BF4B-00C04F79EFBC}") = "05.02.2023 Task", "05.02.2023 Task\05.02.2023 Task.csproj", "{95D43296-C370-4398-A163-2298B29058FB}"
EndProject
Global
	GlobalSection(SolutionConfigurationPlatforms) = preSolution
		Debug|Any CPU = Debug|Any CPU
		Release|Any CPU = Release|Any CPU
	EndGlobalSection
	GlobalSection(ProjectConfigurationPlatforms) = postSolution
		{95D43296-C370-4398-A163-2298B29058FB}.Debug|Any CPU.ActiveCfg = Debug|Any CPU
		{95D43296-C370-4398-A163-2298B29058FB}.Debug|Any CPU.Build.0 = Debug|Any CPU
		{95D43296-C370-4398-A163-2298B29058FB}.Release|Any CPU.ActiveCfg = Release|Any CPU
		{95D43296-C370-4398-A163-2298B29058FB}.Release|Any CPU.Build.0 = Release|Any CPU
	EndGlobalSection
	GlobalSection(SolutionProperties) = preSolution
		HideSolutionNode = FALSE
	EndGlobalSection
	GlobalSection(ExtensibilityGlobals) = postSolution
		SolutionGuid = {DDE15406-719A-4CCA-918C-9ED6F321FEE7}
	EndGlobalSection
EndGlobal
